// !$*UTF8*$!
{
	archiveVersion = 1;
	classes = {
	};
	objectVersion = 50;
	objects = {

/* Begin PBXBuildFile section */
		4F03BE1C26DD3F65001E61E5 /* SqliteDatabase.swift in Sources */ = {isa = PBXBuildFile; fileRef = 4F03BE1B26DD3F65001E61E5 /* SqliteDatabase.swift */; };
		4F03BE2426DD728E001E61E5 /* DataStore.swift in Sources */ = {isa = PBXBuildFile; fileRef = 4F03BE2326DD728E001E61E5 /* DataStore.swift */; };
		4F03BE2826DED59B001E61E5 /* EditView.swift in Sources */ = {isa = PBXBuildFile; fileRef = 4F03BE2726DED59B001E61E5 /* EditView.swift */; };
		4F03BE2C26DED710001E61E5 /* ListView.swift in Sources */ = {isa = PBXBuildFile; fileRef = 4F03BE2B26DED710001E61E5 /* ListView.swift */; };
		4F03BE2E26DED7AC001E61E5 /* DetailView.swift in Sources */ = {isa = PBXBuildFile; fileRef = 4F03BE2D26DED7AC001E61E5 /* DetailView.swift */; };
		4F03BE3026DEDAF3001E61E5 /* CardView.swift in Sources */ = {isa = PBXBuildFile; fileRef = 4F03BE2F26DEDAF3001E61E5 /* CardView.swift */; };
		4F23566727018BF100906E88 /* ReflectionTable.swift in Sources */ = {isa = PBXBuildFile; fileRef = 4F23566627018BF100906E88 /* ReflectionTable.swift */; };
		4F23566927018E5B00906E88 /* Utilities.swift in Sources */ = {isa = PBXBuildFile; fileRef = 4F23566827018E5B00906E88 /* Utilities.swift */; };
		4F23566B27019C0A00906E88 /* TagTable.swift in Sources */ = {isa = PBXBuildFile; fileRef = 4F23566A27019C0A00906E88 /* TagTable.swift */; };
		4F23566D27024A3F00906E88 /* MigrationTests.swift in Sources */ = {isa = PBXBuildFile; fileRef = 4F23566C27024A3E00906E88 /* MigrationTests.swift */; };
		4F23566F27042AFE00906E88 /* ReflectionTableTests.swift in Sources */ = {isa = PBXBuildFile; fileRef = 4F23566E27042AFE00906E88 /* ReflectionTableTests.swift */; };
		4F23567127042B0A00906E88 /* TagTableTests.swift in Sources */ = {isa = PBXBuildFile; fileRef = 4F23567027042B0A00906E88 /* TagTableTests.swift */; };
		4F23567327042C1400906E88 /* TestUtils.swift in Sources */ = {isa = PBXBuildFile; fileRef = 4F23567227042C1400906E88 /* TestUtils.swift */; };
		4F23567727050F5000906E88 /* BestOfReportView.swift in Sources */ = {isa = PBXBuildFile; fileRef = 4F23567627050F5000906E88 /* BestOfReportView.swift */; };
		4F38668126E1EB74006AD6AC /* ReportView.swift in Sources */ = {isa = PBXBuildFile; fileRef = 4F38668026E1EB74006AD6AC /* ReportView.swift */; };
		4F38668326E1EEE9006AD6AC /* EditViewSheet.swift in Sources */ = {isa = PBXBuildFile; fileRef = 4F38668226E1EEE9006AD6AC /* EditViewSheet.swift */; };
		4FCE948126E582F100BD636C /* NamePicker.swift in Sources */ = {isa = PBXBuildFile; fileRef = 4FCE948026E582F100BD636C /* NamePicker.swift */; };
		4FCE948326E5849600BD636C /* NameFieldView.swift in Sources */ = {isa = PBXBuildFile; fileRef = 4FCE948226E5849600BD636C /* NameFieldView.swift */; };
		4FCE948526E5896B00BD636C /* SearchBar.swift in Sources */ = {isa = PBXBuildFile; fileRef = 4FCE948426E5896B00BD636C /* SearchBar.swift */; };
		4FCE948726E5A7AE00BD636C /* DailyReportView.swift in Sources */ = {isa = PBXBuildFile; fileRef = 4FCE948626E5A7AE00BD636C /* DailyReportView.swift */; };
		4FCE948926E5ABE100BD636C /* WeeklyReportView.swift in Sources */ = {isa = PBXBuildFile; fileRef = 4FCE948826E5ABE100BD636C /* WeeklyReportView.swift */; };
		4FCE948B26E5BA4A00BD636C /* ReportListView.swift in Sources */ = {isa = PBXBuildFile; fileRef = 4FCE948A26E5BA4A00BD636C /* ReportListView.swift */; };
		4FCE948D26E5CCED00BD636C /* CategoryReportView.swift in Sources */ = {isa = PBXBuildFile; fileRef = 4FCE948C26E5CCED00BD636C /* CategoryReportView.swift */; };
		4FCE949126F4650400BD636C /* DataStoreTests.swift in Sources */ = {isa = PBXBuildFile; fileRef = 4FCE949026F4650400BD636C /* DataStoreTests.swift */; };
		5F7487392609A52B0046B148 /* WayfinderApp.swift in Sources */ = {isa = PBXBuildFile; fileRef = 5F7487382609A52B0046B148 /* WayfinderApp.swift */; };
		5F74873D2609A5310046B148 /* Assets.xcassets in Resources */ = {isa = PBXBuildFile; fileRef = 5F74873C2609A5310046B148 /* Assets.xcassets */; };
		5F7487402609A5310046B148 /* Preview Assets.xcassets in Resources */ = {isa = PBXBuildFile; fileRef = 5F74873F2609A5310046B148 /* Preview Assets.xcassets */; };
		5F74874B2609A5310046B148 /* SqliteDatabaseTests.swift in Sources */ = {isa = PBXBuildFile; fileRef = 5F74874A2609A5310046B148 /* SqliteDatabaseTests.swift */; };
		5F7487562609A5310046B148 /* WayfinderUITests.swift in Sources */ = {isa = PBXBuildFile; fileRef = 5F7487552609A5310046B148 /* WayfinderUITests.swift */; };
/* End PBXBuildFile section */

/* Begin PBXContainerItemProxy section */
		5F7487472609A5310046B148 /* PBXContainerItemProxy */ = {
			isa = PBXContainerItemProxy;
			containerPortal = 5F74872D2609A52A0046B148 /* Project object */;
			proxyType = 1;
			remoteGlobalIDString = 5F7487342609A52B0046B148;
			remoteInfo = Wayfinder;
		};
		5F7487522609A5310046B148 /* PBXContainerItemProxy */ = {
			isa = PBXContainerItemProxy;
			containerPortal = 5F74872D2609A52A0046B148 /* Project object */;
			proxyType = 1;
			remoteGlobalIDString = 5F7487342609A52B0046B148;
			remoteInfo = Wayfinder;
		};
/* End PBXContainerItemProxy section */

/* Begin PBXFileReference section */
		4F03BE1B26DD3F65001E61E5 /* SqliteDatabase.swift */ = {isa = PBXFileReference; lastKnownFileType = sourcecode.swift; path = SqliteDatabase.swift; sourceTree = "<group>"; };
		4F03BE1F26DD4EB4001E61E5 /* Wayfinder-Bridging-Header.h */ = {isa = PBXFileReference; lastKnownFileType = sourcecode.c.h; path = "Wayfinder-Bridging-Header.h"; sourceTree = "<group>"; };
		4F03BE2326DD728E001E61E5 /* DataStore.swift */ = {isa = PBXFileReference; lastKnownFileType = sourcecode.swift; path = DataStore.swift; sourceTree = "<group>"; };
		4F03BE2726DED59B001E61E5 /* EditView.swift */ = {isa = PBXFileReference; fileEncoding = 4; lastKnownFileType = sourcecode.swift; path = EditView.swift; sourceTree = "<group>"; };
		4F03BE2B26DED710001E61E5 /* ListView.swift */ = {isa = PBXFileReference; lastKnownFileType = sourcecode.swift; path = ListView.swift; sourceTree = "<group>"; };
		4F03BE2D26DED7AC001E61E5 /* DetailView.swift */ = {isa = PBXFileReference; lastKnownFileType = sourcecode.swift; path = DetailView.swift; sourceTree = "<group>"; };
		4F03BE2F26DEDAF3001E61E5 /* CardView.swift */ = {isa = PBXFileReference; lastKnownFileType = sourcecode.swift; path = CardView.swift; sourceTree = "<group>"; };
		4F23566627018BF100906E88 /* ReflectionTable.swift */ = {isa = PBXFileReference; fileEncoding = 4; lastKnownFileType = sourcecode.swift; path = ReflectionTable.swift; sourceTree = "<group>"; };
		4F23566827018E5B00906E88 /* Utilities.swift */ = {isa = PBXFileReference; lastKnownFileType = sourcecode.swift; path = Utilities.swift; sourceTree = "<group>"; };
		4F23566A27019C0A00906E88 /* TagTable.swift */ = {isa = PBXFileReference; lastKnownFileType = sourcecode.swift; path = TagTable.swift; sourceTree = "<group>"; };
		4F23566C27024A3E00906E88 /* MigrationTests.swift */ = {isa = PBXFileReference; lastKnownFileType = sourcecode.swift; path = MigrationTests.swift; sourceTree = "<group>"; };
		4F23566E27042AFE00906E88 /* ReflectionTableTests.swift */ = {isa = PBXFileReference; lastKnownFileType = sourcecode.swift; path = ReflectionTableTests.swift; sourceTree = "<group>"; };
		4F23567027042B0A00906E88 /* TagTableTests.swift */ = {isa = PBXFileReference; lastKnownFileType = sourcecode.swift; path = TagTableTests.swift; sourceTree = "<group>"; };
		4F23567227042C1400906E88 /* TestUtils.swift */ = {isa = PBXFileReference; lastKnownFileType = sourcecode.swift; path = TestUtils.swift; sourceTree = "<group>"; };
		4F23567627050F5000906E88 /* BestOfReportView.swift */ = {isa = PBXFileReference; lastKnownFileType = sourcecode.swift; path = BestOfReportView.swift; sourceTree = "<group>"; };
		4F38668026E1EB74006AD6AC /* ReportView.swift */ = {isa = PBXFileReference; fileEncoding = 4; lastKnownFileType = sourcecode.swift; path = ReportView.swift; sourceTree = "<group>"; };
		4F38668226E1EEE9006AD6AC /* EditViewSheet.swift */ = {isa = PBXFileReference; lastKnownFileType = sourcecode.swift; path = EditViewSheet.swift; sourceTree = "<group>"; };
		4FCE948026E582F100BD636C /* NamePicker.swift */ = {isa = PBXFileReference; lastKnownFileType = sourcecode.swift; path = NamePicker.swift; sourceTree = "<group>"; };
		4FCE948226E5849600BD636C /* NameFieldView.swift */ = {isa = PBXFileReference; lastKnownFileType = sourcecode.swift; path = NameFieldView.swift; sourceTree = "<group>"; };
		4FCE948426E5896B00BD636C /* SearchBar.swift */ = {isa = PBXFileReference; lastKnownFileType = sourcecode.swift; path = SearchBar.swift; sourceTree = "<group>"; };
		4FCE948626E5A7AE00BD636C /* DailyReportView.swift */ = {isa = PBXFileReference; lastKnownFileType = sourcecode.swift; path = DailyReportView.swift; sourceTree = "<group>"; };
		4FCE948826E5ABE100BD636C /* WeeklyReportView.swift */ = {isa = PBXFileReference; lastKnownFileType = sourcecode.swift; path = WeeklyReportView.swift; sourceTree = "<group>"; };
		4FCE948A26E5BA4A00BD636C /* ReportListView.swift */ = {isa = PBXFileReference; lastKnownFileType = sourcecode.swift; path = ReportListView.swift; sourceTree = "<group>"; };
		4FCE948C26E5CCED00BD636C /* CategoryReportView.swift */ = {isa = PBXFileReference; lastKnownFileType = sourcecode.swift; path = CategoryReportView.swift; sourceTree = "<group>"; };
		4FCE949026F4650400BD636C /* DataStoreTests.swift */ = {isa = PBXFileReference; lastKnownFileType = sourcecode.swift; path = DataStoreTests.swift; sourceTree = "<group>"; };
		5F7487352609A52B0046B148 /* Wayfinder.app */ = {isa = PBXFileReference; explicitFileType = wrapper.application; includeInIndex = 0; path = Wayfinder.app; sourceTree = BUILT_PRODUCTS_DIR; };
		5F7487382609A52B0046B148 /* WayfinderApp.swift */ = {isa = PBXFileReference; lastKnownFileType = sourcecode.swift; path = WayfinderApp.swift; sourceTree = "<group>"; };
		5F74873C2609A5310046B148 /* Assets.xcassets */ = {isa = PBXFileReference; lastKnownFileType = folder.assetcatalog; path = Assets.xcassets; sourceTree = "<group>"; };
		5F74873F2609A5310046B148 /* Preview Assets.xcassets */ = {isa = PBXFileReference; lastKnownFileType = folder.assetcatalog; path = "Preview Assets.xcassets"; sourceTree = "<group>"; };
		5F7487412609A5310046B148 /* Info.plist */ = {isa = PBXFileReference; lastKnownFileType = text.plist.xml; path = Info.plist; sourceTree = "<group>"; };
		5F7487462609A5310046B148 /* WayfinderTests.xctest */ = {isa = PBXFileReference; explicitFileType = wrapper.cfbundle; includeInIndex = 0; path = WayfinderTests.xctest; sourceTree = BUILT_PRODUCTS_DIR; };
		5F74874A2609A5310046B148 /* SqliteDatabaseTests.swift */ = {isa = PBXFileReference; lastKnownFileType = sourcecode.swift; path = SqliteDatabaseTests.swift; sourceTree = "<group>"; };
		5F74874C2609A5310046B148 /* Info.plist */ = {isa = PBXFileReference; lastKnownFileType = text.plist.xml; path = Info.plist; sourceTree = "<group>"; };
		5F7487512609A5310046B148 /* WayfinderUITests.xctest */ = {isa = PBXFileReference; explicitFileType = wrapper.cfbundle; includeInIndex = 0; path = WayfinderUITests.xctest; sourceTree = BUILT_PRODUCTS_DIR; };
		5F7487552609A5310046B148 /* WayfinderUITests.swift */ = {isa = PBXFileReference; lastKnownFileType = sourcecode.swift; path = WayfinderUITests.swift; sourceTree = "<group>"; };
		5F7487572609A5310046B148 /* Info.plist */ = {isa = PBXFileReference; lastKnownFileType = text.plist.xml; path = Info.plist; sourceTree = "<group>"; };
/* End PBXFileReference section */

/* Begin PBXFrameworksBuildPhase section */
		5F7487322609A52B0046B148 /* Frameworks */ = {
			isa = PBXFrameworksBuildPhase;
			buildActionMask = 2147483647;
			files = (
			);
			runOnlyForDeploymentPostprocessing = 0;
		};
		5F7487432609A5310046B148 /* Frameworks */ = {
			isa = PBXFrameworksBuildPhase;
			buildActionMask = 2147483647;
			files = (
			);
			runOnlyForDeploymentPostprocessing = 0;
		};
		5F74874E2609A5310046B148 /* Frameworks */ = {
			isa = PBXFrameworksBuildPhase;
			buildActionMask = 2147483647;
			files = (
			);
			runOnlyForDeploymentPostprocessing = 0;
		};
/* End PBXFrameworksBuildPhase section */

/* Begin PBXGroup section */
		4F03BE2026DD4EE2001E61E5 /* Db */ = {
			isa = PBXGroup;
			children = (
				4F03BE2326DD728E001E61E5 /* DataStore.swift */,
				4F03BE1B26DD3F65001E61E5 /* SqliteDatabase.swift */,
				4F23566627018BF100906E88 /* ReflectionTable.swift */,
				4F23566A27019C0A00906E88 /* TagTable.swift */,
				4F23566827018E5B00906E88 /* Utilities.swift */,
			);
			path = Db;
			sourceTree = "<group>";
		};
		5F74872C2609A52A0046B148 = {
			isa = PBXGroup;
			children = (
				5F7487372609A52B0046B148 /* Wayfinder */,
				5F7487492609A5310046B148 /* WayfinderTests */,
				5F7487542609A5310046B148 /* WayfinderUITests */,
				5F7487362609A52B0046B148 /* Products */,
			);
			sourceTree = "<group>";
		};
		5F7487362609A52B0046B148 /* Products */ = {
			isa = PBXGroup;
			children = (
				5F7487352609A52B0046B148 /* Wayfinder.app */,
				5F7487462609A5310046B148 /* WayfinderTests.xctest */,
				5F7487512609A5310046B148 /* WayfinderUITests.xctest */,
			);
			name = Products;
			sourceTree = "<group>";
		};
		5F7487372609A52B0046B148 /* Wayfinder */ = {
			isa = PBXGroup;
			children = (
				4F03BE2026DD4EE2001E61E5 /* Db */,
				5F7487382609A52B0046B148 /* WayfinderApp.swift */,
				4F03BE2726DED59B001E61E5 /* EditView.swift */,
				4F38668226E1EEE9006AD6AC /* EditViewSheet.swift */,
				4F03BE2B26DED710001E61E5 /* ListView.swift */,
				4F03BE2F26DEDAF3001E61E5 /* CardView.swift */,
				4F03BE2D26DED7AC001E61E5 /* DetailView.swift */,
				4F38668026E1EB74006AD6AC /* ReportView.swift */,
				4FCE948026E582F100BD636C /* NamePicker.swift */,
				4FCE948226E5849600BD636C /* NameFieldView.swift */,
				4FCE948426E5896B00BD636C /* SearchBar.swift */,
				4FCE948626E5A7AE00BD636C /* DailyReportView.swift */,
				4FCE948826E5ABE100BD636C /* WeeklyReportView.swift */,
				4FCE948C26E5CCED00BD636C /* CategoryReportView.swift */,
				4F23567627050F5000906E88 /* BestOfReportView.swift */,
				4FCE948A26E5BA4A00BD636C /* ReportListView.swift */,
				4F03BE1F26DD4EB4001E61E5 /* Wayfinder-Bridging-Header.h */,
				5F74873C2609A5310046B148 /* Assets.xcassets */,
				5F7487412609A5310046B148 /* Info.plist */,
				5F74873E2609A5310046B148 /* Preview Content */,
			);
			path = Wayfinder;
			sourceTree = "<group>";
		};
		5F74873E2609A5310046B148 /* Preview Content */ = {
			isa = PBXGroup;
			children = (
				5F74873F2609A5310046B148 /* Preview Assets.xcassets */,
			);
			path = "Preview Content";
			sourceTree = "<group>";
		};
		5F7487492609A5310046B148 /* WayfinderTests */ = {
			isa = PBXGroup;
			children = (
				4FCE949026F4650400BD636C /* DataStoreTests.swift */,
				5F74874A2609A5310046B148 /* SqliteDatabaseTests.swift */,
				4F23566E27042AFE00906E88 /* ReflectionTableTests.swift */,
				4F23567027042B0A00906E88 /* TagTableTests.swift */,
				4F23566C27024A3E00906E88 /* MigrationTests.swift */,
				4F23567227042C1400906E88 /* TestUtils.swift */,
				5F74874C2609A5310046B148 /* Info.plist */,
			);
			path = WayfinderTests;
			sourceTree = "<group>";
		};
		5F7487542609A5310046B148 /* WayfinderUITests */ = {
			isa = PBXGroup;
			children = (
				5F7487552609A5310046B148 /* WayfinderUITests.swift */,
				5F7487572609A5310046B148 /* Info.plist */,
			);
			path = WayfinderUITests;
			sourceTree = "<group>";
		};
/* End PBXGroup section */

/* Begin PBXNativeTarget section */
		5F7487342609A52B0046B148 /* Wayfinder */ = {
			isa = PBXNativeTarget;
			buildConfigurationList = 5F74875A2609A5310046B148 /* Build configuration list for PBXNativeTarget "Wayfinder" */;
			buildPhases = (
				5F7487312609A52B0046B148 /* Sources */,
				5F7487322609A52B0046B148 /* Frameworks */,
				5F7487332609A52B0046B148 /* Resources */,
			);
			buildRules = (
			);
			dependencies = (
			);
			name = Wayfinder;
			productName = Wayfinder;
			productReference = 5F7487352609A52B0046B148 /* Wayfinder.app */;
			productType = "com.apple.product-type.application";
		};
		5F7487452609A5310046B148 /* WayfinderTests */ = {
			isa = PBXNativeTarget;
			buildConfigurationList = 5F74875D2609A5310046B148 /* Build configuration list for PBXNativeTarget "WayfinderTests" */;
			buildPhases = (
				5F7487422609A5310046B148 /* Sources */,
				5F7487432609A5310046B148 /* Frameworks */,
				5F7487442609A5310046B148 /* Resources */,
			);
			buildRules = (
			);
			dependencies = (
				5F7487482609A5310046B148 /* PBXTargetDependency */,
			);
			name = WayfinderTests;
			productName = WayfinderTests;
			productReference = 5F7487462609A5310046B148 /* WayfinderTests.xctest */;
			productType = "com.apple.product-type.bundle.unit-test";
		};
		5F7487502609A5310046B148 /* WayfinderUITests */ = {
			isa = PBXNativeTarget;
			buildConfigurationList = 5F7487602609A5310046B148 /* Build configuration list for PBXNativeTarget "WayfinderUITests" */;
			buildPhases = (
				5F74874D2609A5310046B148 /* Sources */,
				5F74874E2609A5310046B148 /* Frameworks */,
				5F74874F2609A5310046B148 /* Resources */,
			);
			buildRules = (
			);
			dependencies = (
				5F7487532609A5310046B148 /* PBXTargetDependency */,
			);
			name = WayfinderUITests;
			productName = WayfinderUITests;
			productReference = 5F7487512609A5310046B148 /* WayfinderUITests.xctest */;
			productType = "com.apple.product-type.bundle.ui-testing";
		};
/* End PBXNativeTarget section */

/* Begin PBXProject section */
		5F74872D2609A52A0046B148 /* Project object */ = {
			isa = PBXProject;
			attributes = {
				LastSwiftUpdateCheck = 1240;
				LastUpgradeCheck = 1240;
				TargetAttributes = {
					5F7487342609A52B0046B148 = {
						CreatedOnToolsVersion = 12.4;
					};
					5F7487452609A5310046B148 = {
						CreatedOnToolsVersion = 12.4;
						TestTargetID = 5F7487342609A52B0046B148;
					};
					5F7487502609A5310046B148 = {
						CreatedOnToolsVersion = 12.4;
						TestTargetID = 5F7487342609A52B0046B148;
					};
				};
			};
			buildConfigurationList = 5F7487302609A52A0046B148 /* Build configuration list for PBXProject "Wayfinder" */;
			compatibilityVersion = "Xcode 9.3";
			developmentRegion = en;
			hasScannedForEncodings = 0;
			knownRegions = (
				en,
				Base,
			);
			mainGroup = 5F74872C2609A52A0046B148;
			productRefGroup = 5F7487362609A52B0046B148 /* Products */;
			projectDirPath = "";
			projectRoot = "";
			targets = (
				5F7487342609A52B0046B148 /* Wayfinder */,
				5F7487452609A5310046B148 /* WayfinderTests */,
				5F7487502609A5310046B148 /* WayfinderUITests */,
			);
		};
/* End PBXProject section */

/* Begin PBXResourcesBuildPhase section */
		5F7487332609A52B0046B148 /* Resources */ = {
			isa = PBXResourcesBuildPhase;
			buildActionMask = 2147483647;
			files = (
				5F7487402609A5310046B148 /* Preview Assets.xcassets in Resources */,
				5F74873D2609A5310046B148 /* Assets.xcassets in Resources */,
			);
			runOnlyForDeploymentPostprocessing = 0;
		};
		5F7487442609A5310046B148 /* Resources */ = {
			isa = PBXResourcesBuildPhase;
			buildActionMask = 2147483647;
			files = (
			);
			runOnlyForDeploymentPostprocessing = 0;
		};
		5F74874F2609A5310046B148 /* Resources */ = {
			isa = PBXResourcesBuildPhase;
			buildActionMask = 2147483647;
			files = (
			);
			runOnlyForDeploymentPostprocessing = 0;
		};
/* End PBXResourcesBuildPhase section */

/* Begin PBXSourcesBuildPhase section */
		5F7487312609A52B0046B148 /* Sources */ = {
			isa = PBXSourcesBuildPhase;
			buildActionMask = 2147483647;
			files = (
				4FCE948726E5A7AE00BD636C /* DailyReportView.swift in Sources */,
				4F23566B27019C0A00906E88 /* TagTable.swift in Sources */,
				4FCE948526E5896B00BD636C /* SearchBar.swift in Sources */,
				4FCE948B26E5BA4A00BD636C /* ReportListView.swift in Sources */,
				4F03BE3026DEDAF3001E61E5 /* CardView.swift in Sources */,
				4F03BE2E26DED7AC001E61E5 /* DetailView.swift in Sources */,
				4FCE948D26E5CCED00BD636C /* CategoryReportView.swift in Sources */,
				4F23566927018E5B00906E88 /* Utilities.swift in Sources */,
				4FCE948926E5ABE100BD636C /* WeeklyReportView.swift in Sources */,
				4FCE948326E5849600BD636C /* NameFieldView.swift in Sources */,
				4F03BE2826DED59B001E61E5 /* EditView.swift in Sources */,
				4F03BE2426DD728E001E61E5 /* DataStore.swift in Sources */,
				4FCE948126E582F100BD636C /* NamePicker.swift in Sources */,
				4F38668126E1EB74006AD6AC /* ReportView.swift in Sources */,
				4F03BE2C26DED710001E61E5 /* ListView.swift in Sources */,
				4F23567727050F5000906E88 /* BestOfReportView.swift in Sources */,
				4F03BE1C26DD3F65001E61E5 /* SqliteDatabase.swift in Sources */,
				4F38668326E1EEE9006AD6AC /* EditViewSheet.swift in Sources */,
				4F23566727018BF100906E88 /* ReflectionTable.swift in Sources */,
				5F7487392609A52B0046B148 /* WayfinderApp.swift in Sources */,
			);
			runOnlyForDeploymentPostprocessing = 0;
		};
		5F7487422609A5310046B148 /* Sources */ = {
			isa = PBXSourcesBuildPhase;
			buildActionMask = 2147483647;
			files = (
				4F23567127042B0A00906E88 /* TagTableTests.swift in Sources */,
				4F23567327042C1400906E88 /* TestUtils.swift in Sources */,
				5F74874B2609A5310046B148 /* SqliteDatabaseTests.swift in Sources */,
				4F23566D27024A3F00906E88 /* MigrationTests.swift in Sources */,
				4FCE949126F4650400BD636C /* DataStoreTests.swift in Sources */,
				4F23566F27042AFE00906E88 /* ReflectionTableTests.swift in Sources */,
			);
			runOnlyForDeploymentPostprocessing = 0;
		};
		5F74874D2609A5310046B148 /* Sources */ = {
			isa = PBXSourcesBuildPhase;
			buildActionMask = 2147483647;
			files = (
				5F7487562609A5310046B148 /* WayfinderUITests.swift in Sources */,
			);
			runOnlyForDeploymentPostprocessing = 0;
		};
/* End PBXSourcesBuildPhase section */

/* Begin PBXTargetDependency section */
		5F7487482609A5310046B148 /* PBXTargetDependency */ = {
			isa = PBXTargetDependency;
			target = 5F7487342609A52B0046B148 /* Wayfinder */;
			targetProxy = 5F7487472609A5310046B148 /* PBXContainerItemProxy */;
		};
		5F7487532609A5310046B148 /* PBXTargetDependency */ = {
			isa = PBXTargetDependency;
			target = 5F7487342609A52B0046B148 /* Wayfinder */;
			targetProxy = 5F7487522609A5310046B148 /* PBXContainerItemProxy */;
		};
/* End PBXTargetDependency section */

/* Begin XCBuildConfiguration section */
		5F7487582609A5310046B148 /* Debug */ = {
			isa = XCBuildConfiguration;
			buildSettings = {
				ALWAYS_SEARCH_USER_PATHS = NO;
				CLANG_ANALYZER_NONNULL = YES;
				CLANG_ANALYZER_NUMBER_OBJECT_CONVERSION = YES_AGGRESSIVE;
				CLANG_CXX_LANGUAGE_STANDARD = "gnu++14";
				CLANG_CXX_LIBRARY = "libc++";
				CLANG_ENABLE_MODULES = YES;
				CLANG_ENABLE_OBJC_ARC = YES;
				CLANG_ENABLE_OBJC_WEAK = YES;
				CLANG_WARN_BLOCK_CAPTURE_AUTORELEASING = YES;
				CLANG_WARN_BOOL_CONVERSION = YES;
				CLANG_WARN_COMMA = YES;
				CLANG_WARN_CONSTANT_CONVERSION = YES;
				CLANG_WARN_DEPRECATED_OBJC_IMPLEMENTATIONS = YES;
				CLANG_WARN_DIRECT_OBJC_ISA_USAGE = YES_ERROR;
				CLANG_WARN_DOCUMENTATION_COMMENTS = YES;
				CLANG_WARN_EMPTY_BODY = YES;
				CLANG_WARN_ENUM_CONVERSION = YES;
				CLANG_WARN_INFINITE_RECURSION = YES;
				CLANG_WARN_INT_CONVERSION = YES;
				CLANG_WARN_NON_LITERAL_NULL_CONVERSION = YES;
				CLANG_WARN_OBJC_IMPLICIT_RETAIN_SELF = YES;
				CLANG_WARN_OBJC_LITERAL_CONVERSION = YES;
				CLANG_WARN_OBJC_ROOT_CLASS = YES_ERROR;
				CLANG_WARN_QUOTED_INCLUDE_IN_FRAMEWORK_HEADER = YES;
				CLANG_WARN_RANGE_LOOP_ANALYSIS = YES;
				CLANG_WARN_STRICT_PROTOTYPES = YES;
				CLANG_WARN_SUSPICIOUS_MOVE = YES;
				CLANG_WARN_UNGUARDED_AVAILABILITY = YES_AGGRESSIVE;
				CLANG_WARN_UNREACHABLE_CODE = YES;
				CLANG_WARN__DUPLICATE_METHOD_MATCH = YES;
				COPY_PHASE_STRIP = NO;
				DEBUG_INFORMATION_FORMAT = dwarf;
				ENABLE_STRICT_OBJC_MSGSEND = YES;
				ENABLE_TESTABILITY = YES;
				GCC_C_LANGUAGE_STANDARD = gnu11;
				GCC_DYNAMIC_NO_PIC = NO;
				GCC_NO_COMMON_BLOCKS = YES;
				GCC_OPTIMIZATION_LEVEL = 0;
				GCC_PREPROCESSOR_DEFINITIONS = (
					"DEBUG=1",
					"$(inherited)",
				);
				GCC_WARN_64_TO_32_BIT_CONVERSION = YES;
				GCC_WARN_ABOUT_RETURN_TYPE = YES_ERROR;
				GCC_WARN_UNDECLARED_SELECTOR = YES;
				GCC_WARN_UNINITIALIZED_AUTOS = YES_AGGRESSIVE;
				GCC_WARN_UNUSED_FUNCTION = YES;
				GCC_WARN_UNUSED_VARIABLE = YES;
				IPHONEOS_DEPLOYMENT_TARGET = 14.4;
				MTL_ENABLE_DEBUG_INFO = INCLUDE_SOURCE;
				MTL_FAST_MATH = YES;
				ONLY_ACTIVE_ARCH = YES;
				SDKROOT = iphoneos;
				SWIFT_ACTIVE_COMPILATION_CONDITIONS = DEBUG;
				SWIFT_OBJC_BRIDGING_HEADER = "Wayfinder/Wayfinder-Bridging-Header.h";
				SWIFT_OPTIMIZATION_LEVEL = "-Onone";
			};
			name = Debug;
		};
		5F7487592609A5310046B148 /* Release */ = {
			isa = XCBuildConfiguration;
			buildSettings = {
				ALWAYS_SEARCH_USER_PATHS = NO;
				CLANG_ANALYZER_NONNULL = YES;
				CLANG_ANALYZER_NUMBER_OBJECT_CONVERSION = YES_AGGRESSIVE;
				CLANG_CXX_LANGUAGE_STANDARD = "gnu++14";
				CLANG_CXX_LIBRARY = "libc++";
				CLANG_ENABLE_MODULES = YES;
				CLANG_ENABLE_OBJC_ARC = YES;
				CLANG_ENABLE_OBJC_WEAK = YES;
				CLANG_WARN_BLOCK_CAPTURE_AUTORELEASING = YES;
				CLANG_WARN_BOOL_CONVERSION = YES;
				CLANG_WARN_COMMA = YES;
				CLANG_WARN_CONSTANT_CONVERSION = YES;
				CLANG_WARN_DEPRECATED_OBJC_IMPLEMENTATIONS = YES;
				CLANG_WARN_DIRECT_OBJC_ISA_USAGE = YES_ERROR;
				CLANG_WARN_DOCUMENTATION_COMMENTS = YES;
				CLANG_WARN_EMPTY_BODY = YES;
				CLANG_WARN_ENUM_CONVERSION = YES;
				CLANG_WARN_INFINITE_RECURSION = YES;
				CLANG_WARN_INT_CONVERSION = YES;
				CLANG_WARN_NON_LITERAL_NULL_CONVERSION = YES;
				CLANG_WARN_OBJC_IMPLICIT_RETAIN_SELF = YES;
				CLANG_WARN_OBJC_LITERAL_CONVERSION = YES;
				CLANG_WARN_OBJC_ROOT_CLASS = YES_ERROR;
				CLANG_WARN_QUOTED_INCLUDE_IN_FRAMEWORK_HEADER = YES;
				CLANG_WARN_RANGE_LOOP_ANALYSIS = YES;
				CLANG_WARN_STRICT_PROTOTYPES = YES;
				CLANG_WARN_SUSPICIOUS_MOVE = YES;
				CLANG_WARN_UNGUARDED_AVAILABILITY = YES_AGGRESSIVE;
				CLANG_WARN_UNREACHABLE_CODE = YES;
				CLANG_WARN__DUPLICATE_METHOD_MATCH = YES;
				COPY_PHASE_STRIP = NO;
				DEBUG_INFORMATION_FORMAT = "dwarf-with-dsym";
				ENABLE_NS_ASSERTIONS = NO;
				ENABLE_STRICT_OBJC_MSGSEND = YES;
				GCC_C_LANGUAGE_STANDARD = gnu11;
				GCC_NO_COMMON_BLOCKS = YES;
				GCC_WARN_64_TO_32_BIT_CONVERSION = YES;
				GCC_WARN_ABOUT_RETURN_TYPE = YES_ERROR;
				GCC_WARN_UNDECLARED_SELECTOR = YES;
				GCC_WARN_UNINITIALIZED_AUTOS = YES_AGGRESSIVE;
				GCC_WARN_UNUSED_FUNCTION = YES;
				GCC_WARN_UNUSED_VARIABLE = YES;
				IPHONEOS_DEPLOYMENT_TARGET = 14.4;
				MTL_ENABLE_DEBUG_INFO = NO;
				MTL_FAST_MATH = YES;
				SDKROOT = iphoneos;
				SWIFT_COMPILATION_MODE = wholemodule;
				SWIFT_OBJC_BRIDGING_HEADER = "Wayfinder/Wayfinder-Bridging-Header.h";
				SWIFT_OPTIMIZATION_LEVEL = "-O";
				VALIDATE_PRODUCT = YES;
			};
			name = Release;
		};
		5F74875B2609A5310046B148 /* Debug */ = {
			isa = XCBuildConfiguration;
			buildSettings = {
				ASSETCATALOG_COMPILER_APPICON_NAME = AppIcon;
				ASSETCATALOG_COMPILER_GLOBAL_ACCENT_COLOR_NAME = AccentColor;
				CODE_SIGN_STYLE = Automatic;
				DEVELOPMENT_ASSET_PATHS = "\"Wayfinder/Preview Content\"";
				DEVELOPMENT_TEAM = V25L9AB7AX;
				ENABLE_PREVIEWS = YES;
				INFOPLIST_FILE = Wayfinder/Info.plist;
				IPHONEOS_DEPLOYMENT_TARGET = 14.0;
				LD_RUNPATH_SEARCH_PATHS = (
					"$(inherited)",
					"@executable_path/Frameworks",
				);
				PRODUCT_BUNDLE_IDENTIFIER = com.hello.Wayfinder;
				PRODUCT_NAME = "$(TARGET_NAME)";
				SWIFT_VERSION = 5.0;
				TARGETED_DEVICE_FAMILY = "1,2";
			};
			name = Debug;
		};
		5F74875C2609A5310046B148 /* Release */ = {
			isa = XCBuildConfiguration;
			buildSettings = {
				ASSETCATALOG_COMPILER_APPICON_NAME = AppIcon;
				ASSETCATALOG_COMPILER_GLOBAL_ACCENT_COLOR_NAME = AccentColor;
				CODE_SIGN_STYLE = Automatic;
				DEVELOPMENT_ASSET_PATHS = "\"Wayfinder/Preview Content\"";
				ENABLE_PREVIEWS = YES;
				INFOPLIST_FILE = Wayfinder/Info.plist;
				IPHONEOS_DEPLOYMENT_TARGET = 14.0;
				LD_RUNPATH_SEARCH_PATHS = (
					"$(inherited)",
					"@executable_path/Frameworks",
				);
				PRODUCT_BUNDLE_IDENTIFIER = com.wayfinder.Wayfinder;
				PRODUCT_NAME = "$(TARGET_NAME)";
				SWIFT_VERSION = 5.0;
				TARGETED_DEVICE_FAMILY = "1,2";
			};
			name = Release;
		};
		5F74875E2609A5310046B148 /* Debug */ = {
			isa = XCBuildConfiguration;
			buildSettings = {
				ALWAYS_EMBED_SWIFT_STANDARD_LIBRARIES = YES;
				BUNDLE_LOADER = "$(TEST_HOST)";
				CODE_SIGN_STYLE = Automatic;
				INFOPLIST_FILE = WayfinderTests/Info.plist;
				IPHONEOS_DEPLOYMENT_TARGET = 14.0;
				LD_RUNPATH_SEARCH_PATHS = (
					"$(inherited)",
					"@executable_path/Frameworks",
					"@loader_path/Frameworks",
				);
				PRODUCT_BUNDLE_IDENTIFIER = com.wayfinder.WayfinderTests;
				PRODUCT_NAME = "$(TARGET_NAME)";
				SWIFT_VERSION = 5.0;
				TARGETED_DEVICE_FAMILY = "1,2";
				TEST_HOST = "$(BUILT_PRODUCTS_DIR)/Wayfinder.app/Wayfinder";
			};
			name = Debug;
		};
		5F74875F2609A5310046B148 /* Release */ = {
			isa = XCBuildConfiguration;
			buildSettings = {
				ALWAYS_EMBED_SWIFT_STANDARD_LIBRARIES = YES;
				BUNDLE_LOADER = "$(TEST_HOST)";
				CODE_SIGN_STYLE = Automatic;
				INFOPLIST_FILE = WayfinderTests/Info.plist;
				IPHONEOS_DEPLOYMENT_TARGET = 14.0;
				LD_RUNPATH_SEARCH_PATHS = (
					"$(inherited)",
					"@executable_path/Frameworks",
					"@loader_path/Frameworks",
				);
				PRODUCT_BUNDLE_IDENTIFIER = com.wayfinder.WayfinderTests;
				PRODUCT_NAME = "$(TARGET_NAME)";
				SWIFT_VERSION = 5.0;
				TARGETED_DEVICE_FAMILY = "1,2";
				TEST_HOST = "$(BUILT_PRODUCTS_DIR)/Wayfinder.app/Wayfinder";
			};
			name = Release;
		};
		5F7487612609A5310046B148 /* Debug */ = {
			isa = XCBuildConfiguration;
			buildSettings = {
				ALWAYS_EMBED_SWIFT_STANDARD_LIBRARIES = YES;
				CODE_SIGN_STYLE = Automatic;
				INFOPLIST_FILE = WayfinderUITests/Info.plist;
				LD_RUNPATH_SEARCH_PATHS = (
					"$(inherited)",
					"@executable_path/Frameworks",
					"@loader_path/Frameworks",
				);
				PRODUCT_BUNDLE_IDENTIFIER = com.wayfinder.WayfinderUITests;
				PRODUCT_NAME = "$(TARGET_NAME)";
				SWIFT_VERSION = 5.0;
				TARGETED_DEVICE_FAMILY = "1,2";
				TEST_TARGET_NAME = Wayfinder;
			};
			name = Debug;
		};
		5F7487622609A5310046B148 /* Release */ = {
			isa = XCBuildConfiguration;
			buildSettings = {
				ALWAYS_EMBED_SWIFT_STANDARD_LIBRARIES = YES;
				CODE_SIGN_STYLE = Automatic;
				INFOPLIST_FILE = WayfinderUITests/Info.plist;
				LD_RUNPATH_SEARCH_PATHS = (
					"$(inherited)",
					"@executable_path/Frameworks",
					"@loader_path/Frameworks",
				);
				PRODUCT_BUNDLE_IDENTIFIER = com.wayfinder.WayfinderUITests;
				PRODUCT_NAME = "$(TARGET_NAME)";
				SWIFT_VERSION = 5.0;
				TARGETED_DEVICE_FAMILY = "1,2";
				TEST_TARGET_NAME = Wayfinder;
			};
			name = Release;
		};
/* End XCBuildConfiguration section */

/* Begin XCConfigurationList section */
		5F7487302609A52A0046B148 /* Build configuration list for PBXProject "Wayfinder" */ = {
			isa = XCConfigurationList;
			buildConfigurations = (
				5F7487582609A5310046B148 /* Debug */,
				5F7487592609A5310046B148 /* Release */,
			);
			defaultConfigurationIsVisible = 0;
			defaultConfigurationName = Release;
		};
		5F74875A2609A5310046B148 /* Build configuration list for PBXNativeTarget "Wayfinder" */ = {
			isa = XCConfigurationList;
			buildConfigurations = (
				5F74875B2609A5310046B148 /* Debug */,
				5F74875C2609A5310046B148 /* Release */,
			);
			defaultConfigurationIsVisible = 0;
			defaultConfigurationName = Release;
		};
		5F74875D2609A5310046B148 /* Build configuration list for PBXNativeTarget "WayfinderTests" */ = {
			isa = XCConfigurationList;
			buildConfigurations = (
				5F74875E2609A5310046B148 /* Debug */,
				5F74875F2609A5310046B148 /* Release */,
			);
			defaultConfigurationIsVisible = 0;
			defaultConfigurationName = Release;
		};
		5F7487602609A5310046B148 /* Build configuration list for PBXNativeTarget "WayfinderUITests" */ = {
			isa = XCConfigurationList;
			buildConfigurations = (
				5F7487612609A5310046B148 /* Debug */,
				5F7487622609A5310046B148 /* Release */,
			);
			defaultConfigurationIsVisible = 0;
			defaultConfigurationName = Release;
		};
/* End XCConfigurationList section */
	};
	rootObject = 5F74872D2609A52A0046B148 /* Project object */;
}
